// !$*UTF8*$!
{
	archiveVersion = 1;
	classes = {
	};
	objectVersion = 50;
	objects = {

/* Begin PBXBuildFile section */
		E72DBD1723125F5900193119 /* Model.swift in Sources */ = {isa = PBXBuildFile; fileRef = E72DBD1623125F5900193119 /* Model.swift */; };
		E7C4894C231255E700652BA1 /* AppDelegate.swift in Sources */ = {isa = PBXBuildFile; fileRef = E7C4894B231255E700652BA1 /* AppDelegate.swift */; };
		E7C4894E231255E700652BA1 /* MasterViewController.swift in Sources */ = {isa = PBXBuildFile; fileRef = E7C4894D231255E700652BA1 /* MasterViewController.swift */; };
		E7C48950231255E700652BA1 /* DetailViewController.swift in Sources */ = {isa = PBXBuildFile; fileRef = E7C4894F231255E700652BA1 /* DetailViewController.swift */; };
		E7C48953231255E700652BA1 /* Main.storyboard in Resources */ = {isa = PBXBuildFile; fileRef = E7C48951231255E700652BA1 /* Main.storyboard */; };
		E7C48955231255E800652BA1 /* Assets.xcassets in Resources */ = {isa = PBXBuildFile; fileRef = E7C48954231255E800652BA1 /* Assets.xcassets */; };
		E7C48958231255E800652BA1 /* LaunchScreen.storyboard in Resources */ = {isa = PBXBuildFile; fileRef = E7C48956231255E800652BA1 /* LaunchScreen.storyboard */; };
		E7C48963231255E800652BA1 /* MasterDetailTests.swift in Sources */ = {isa = PBXBuildFile; fileRef = E7C48962231255E800652BA1 /* MasterDetailTests.swift */; };
		E7C4896E231255E800652BA1 /* MasterDetailUITests.swift in Sources */ = {isa = PBXBuildFile; fileRef = E7C4896D231255E800652BA1 /* MasterDetailUITests.swift */; };
/* End PBXBuildFile section */

/* Begin PBXContainerItemProxy section */
		E7C4895F231255E800652BA1 /* PBXContainerItemProxy */ = {
			isa = PBXContainerItemProxy;
			containerPortal = E7C48940231255E700652BA1 /* Project object */;
			proxyType = 1;
			remoteGlobalIDString = E7C48947231255E700652BA1;
			remoteInfo = MasterDetail;
		};
		E7C4896A231255E800652BA1 /* PBXContainerItemProxy */ = {
			isa = PBXContainerItemProxy;
			containerPortal = E7C48940231255E700652BA1 /* Project object */;
			proxyType = 1;
			remoteGlobalIDString = E7C48947231255E700652BA1;
			remoteInfo = MasterDetail;
		};
/* End PBXContainerItemProxy section */

/* Begin PBXFileReference section */
		E72DBD1623125F5900193119 /* Model.swift */ = {isa = PBXFileReference; lastKnownFileType = sourcecode.swift; path = Model.swift; sourceTree = "<group>"; };
		E7C48948231255E700652BA1 /* MasterDetail.app */ = {isa = PBXFileReference; explicitFileType = wrapper.application; includeInIndex = 0; path = MasterDetail.app; sourceTree = BUILT_PRODUCTS_DIR; };
		E7C4894B231255E700652BA1 /* AppDelegate.swift */ = {isa = PBXFileReference; lastKnownFileType = sourcecode.swift; path = AppDelegate.swift; sourceTree = "<group>"; };
		E7C4894D231255E700652BA1 /* MasterViewController.swift */ = {isa = PBXFileReference; lastKnownFileType = sourcecode.swift; path = MasterViewController.swift; sourceTree = "<group>"; };
		E7C4894F231255E700652BA1 /* DetailViewController.swift */ = {isa = PBXFileReference; lastKnownFileType = sourcecode.swift; path = DetailViewController.swift; sourceTree = "<group>"; };
		E7C48952231255E700652BA1 /* Base */ = {isa = PBXFileReference; lastKnownFileType = file.storyboard; name = Base; path = Base.lproj/Main.storyboard; sourceTree = "<group>"; };
		E7C48954231255E800652BA1 /* Assets.xcassets */ = {isa = PBXFileReference; lastKnownFileType = folder.assetcatalog; path = Assets.xcassets; sourceTree = "<group>"; };
		E7C48957231255E800652BA1 /* Base */ = {isa = PBXFileReference; lastKnownFileType = file.storyboard; name = Base; path = Base.lproj/LaunchScreen.storyboard; sourceTree = "<group>"; };
		E7C48959231255E800652BA1 /* Info.plist */ = {isa = PBXFileReference; lastKnownFileType = text.plist.xml; path = Info.plist; sourceTree = "<group>"; };
		E7C4895E231255E800652BA1 /* MasterDetailTests.xctest */ = {isa = PBXFileReference; explicitFileType = wrapper.cfbundle; includeInIndex = 0; path = MasterDetailTests.xctest; sourceTree = BUILT_PRODUCTS_DIR; };
		E7C48962231255E800652BA1 /* MasterDetailTests.swift */ = {isa = PBXFileReference; lastKnownFileType = sourcecode.swift; path = MasterDetailTests.swift; sourceTree = "<group>"; };
		E7C48964231255E800652BA1 /* Info.plist */ = {isa = PBXFileReference; lastKnownFileType = text.plist.xml; path = Info.plist; sourceTree = "<group>"; };
		E7C48969231255E800652BA1 /* MasterDetailUITests.xctest */ = {isa = PBXFileReference; explicitFileType = wrapper.cfbundle; includeInIndex = 0; path = MasterDetailUITests.xctest; sourceTree = BUILT_PRODUCTS_DIR; };
		E7C4896D231255E800652BA1 /* MasterDetailUITests.swift */ = {isa = PBXFileReference; lastKnownFileType = sourcecode.swift; path = MasterDetailUITests.swift; sourceTree = "<group>"; };
		E7C4896F231255E800652BA1 /* Info.plist */ = {isa = PBXFileReference; lastKnownFileType = text.plist.xml; path = Info.plist; sourceTree = "<group>"; };
/* End PBXFileReference section */

/* Begin PBXFrameworksBuildPhase section */
		E7C48945231255E700652BA1 /* Frameworks */ = {
			isa = PBXFrameworksBuildPhase;
			buildActionMask = 2147483647;
			files = (
			);
			runOnlyForDeploymentPostprocessing = 0;
		};
		E7C4895B231255E800652BA1 /* Frameworks */ = {
			isa = PBXFrameworksBuildPhase;
			buildActionMask = 2147483647;
			files = (
			);
			runOnlyForDeploymentPostprocessing = 0;
		};
		E7C48966231255E800652BA1 /* Frameworks */ = {
			isa = PBXFrameworksBuildPhase;
			buildActionMask = 2147483647;
			files = (
			);
			runOnlyForDeploymentPostprocessing = 0;
		};
/* End PBXFrameworksBuildPhase section */

/* Begin PBXGroup section */
		E7C4893F231255E700652BA1 = {
			isa = PBXGroup;
			children = (
				E7C4894A231255E700652BA1 /* MasterDetail */,
				E7C48961231255E800652BA1 /* MasterDetailTests */,
				E7C4896C231255E800652BA1 /* MasterDetailUITests */,
				E7C48949231255E700652BA1 /* Products */,
			);
			sourceTree = "<group>";
		};
		E7C48949231255E700652BA1 /* Products */ = {
			isa = PBXGroup;
			children = (
				E7C48948231255E700652BA1 /* MasterDetail.app */,
				E7C4895E231255E800652BA1 /* MasterDetailTests.xctest */,
				E7C48969231255E800652BA1 /* MasterDetailUITests.xctest */,
			);
			name = Products;
			sourceTree = "<group>";
		};
		E7C4894A231255E700652BA1 /* MasterDetail */ = {
			isa = PBXGroup;
			children = (
				E7C4894B231255E700652BA1 /* AppDelegate.swift */,
				E7C4894D231255E700652BA1 /* MasterViewController.swift */,
				E7C4894F231255E700652BA1 /* DetailViewController.swift */,
				E7C48951231255E700652BA1 /* Main.storyboard */,
				E7C48954231255E800652BA1 /* Assets.xcassets */,
				E7C48956231255E800652BA1 /* LaunchScreen.storyboard */,
				E7C48959231255E800652BA1 /* Info.plist */,
				E72DBD1623125F5900193119 /* Model.swift */,
			);
			path = MasterDetail;
			sourceTree = "<group>";
		};
		E7C48961231255E800652BA1 /* MasterDetailTests */ = {
			isa = PBXGroup;
			children = (
				E7C48962231255E800652BA1 /* MasterDetailTests.swift */,
				E7C48964231255E800652BA1 /* Info.plist */,
			);
			path = MasterDetailTests;
			sourceTree = "<group>";
		};
		E7C4896C231255E800652BA1 /* MasterDetailUITests */ = {
			isa = PBXGroup;
			children = (
				E7C4896D231255E800652BA1 /* MasterDetailUITests.swift */,
				E7C4896F231255E800652BA1 /* Info.plist */,
			);
			path = MasterDetailUITests;
			sourceTree = "<group>";
		};
/* End PBXGroup section */

/* Begin PBXNativeTarget section */
		E7C48947231255E700652BA1 /* MasterDetail */ = {
			isa = PBXNativeTarget;
			buildConfigurationList = E7C48972231255E800652BA1 /* Build configuration list for PBXNativeTarget "MasterDetail" */;
			buildPhases = (
				E7C48944231255E700652BA1 /* Sources */,
				E7C48945231255E700652BA1 /* Frameworks */,
				E7C48946231255E700652BA1 /* Resources */,
			);
			buildRules = (
			);
			dependencies = (
			);
			name = MasterDetail;
			productName = MasterDetail;
			productReference = E7C48948231255E700652BA1 /* MasterDetail.app */;
			productType = "com.apple.product-type.application";
		};
		E7C4895D231255E800652BA1 /* MasterDetailTests */ = {
			isa = PBXNativeTarget;
			buildConfigurationList = E7C48975231255E800652BA1 /* Build configuration list for PBXNativeTarget "MasterDetailTests" */;
			buildPhases = (
				E7C4895A231255E800652BA1 /* Sources */,
				E7C4895B231255E800652BA1 /* Frameworks */,
				E7C4895C231255E800652BA1 /* Resources */,
			);
			buildRules = (
			);
			dependencies = (
				E7C48960231255E800652BA1 /* PBXTargetDependency */,
			);
			name = MasterDetailTests;
			productName = MasterDetailTests;
			productReference = E7C4895E231255E800652BA1 /* MasterDetailTests.xctest */;
			productType = "com.apple.product-type.bundle.unit-test";
		};
		E7C48968231255E800652BA1 /* MasterDetailUITests */ = {
			isa = PBXNativeTarget;
			buildConfigurationList = E7C48978231255E800652BA1 /* Build configuration list for PBXNativeTarget "MasterDetailUITests" */;
			buildPhases = (
				E7C48965231255E800652BA1 /* Sources */,
				E7C48966231255E800652BA1 /* Frameworks */,
				E7C48967231255E800652BA1 /* Resources */,
			);
			buildRules = (
			);
			dependencies = (
				E7C4896B231255E800652BA1 /* PBXTargetDependency */,
			);
			name = MasterDetailUITests;
			productName = MasterDetailUITests;
			productReference = E7C48969231255E800652BA1 /* MasterDetailUITests.xctest */;
			productType = "com.apple.product-type.bundle.ui-testing";
		};
/* End PBXNativeTarget section */

/* Begin PBXProject section */
		E7C48940231255E700652BA1 /* Project object */ = {
			isa = PBXProject;
			attributes = {
				LastSwiftUpdateCheck = 1030;
				LastUpgradeCheck = 1030;
				ORGANIZATIONNAME = Saiful;
				TargetAttributes = {
					E7C48947231255E700652BA1 = {
						CreatedOnToolsVersion = 10.3;
					};
					E7C4895D231255E800652BA1 = {
						CreatedOnToolsVersion = 10.3;
						TestTargetID = E7C48947231255E700652BA1;
					};
					E7C48968231255E800652BA1 = {
						CreatedOnToolsVersion = 10.3;
						TestTargetID = E7C48947231255E700652BA1;
					};
				};
			};
			buildConfigurationList = E7C48943231255E700652BA1 /* Build configuration list for PBXProject "MasterDetail" */;
			compatibilityVersion = "Xcode 9.3";
			developmentRegion = en;
			hasScannedForEncodings = 0;
			knownRegions = (
				en,
				Base,
			);
			mainGroup = E7C4893F231255E700652BA1;
			productRefGroup = E7C48949231255E700652BA1 /* Products */;
			projectDirPath = "";
			projectRoot = "";
			targets = (
				E7C48947231255E700652BA1 /* MasterDetail */,
				E7C4895D231255E800652BA1 /* MasterDetailTests */,
				E7C48968231255E800652BA1 /* MasterDetailUITests */,
			);
		};
/* End PBXProject section */

/* Begin PBXResourcesBuildPhase section */
		E7C48946231255E700652BA1 /* Resources */ = {
			isa = PBXResourcesBuildPhase;
			buildActionMask = 2147483647;
			files = (
				E7C48958231255E800652BA1 /* LaunchScreen.storyboard in Resources */,
				E7C48955231255E800652BA1 /* Assets.xcassets in Resources */,
				E7C48953231255E700652BA1 /* Main.storyboard in Resources */,
			);
			runOnlyForDeploymentPostprocessing = 0;
		};
		E7C4895C231255E800652BA1 /* Resources */ = {
			isa = PBXResourcesBuildPhase;
			buildActionMask = 2147483647;
			files = (
			);
			runOnlyForDeploymentPostprocessing = 0;
		};
		E7C48967231255E800652BA1 /* Resources */ = {
			isa = PBXResourcesBuildPhase;
			buildActionMask = 2147483647;
			files = (
			);
			runOnlyForDeploymentPostprocessing = 0;
		};
/* End PBXResourcesBuildPhase section */

/* Begin PBXSourcesBuildPhase section */
		E7C48944231255E700652BA1 /* Sources */ = {
			isa = PBXSourcesBuildPhase;
			buildActionMask = 2147483647;
			files = (
				E7C48950231255E700652BA1 /* DetailViewController.swift in Sources */,
				E7C4894E231255E700652BA1 /* MasterViewController.swift in Sources */,
				E7C4894C231255E700652BA1 /* AppDelegate.swift in Sources */,
				E72DBD1723125F5900193119 /* Model.swift in Sources */,
			);
			runOnlyForDeploymentPostprocessing = 0;
		};
		E7C4895A231255E800652BA1 /* Sources */ = {
			isa = PBXSourcesBuildPhase;
			buildActionMask = 2147483647;
			files = (
				E7C48963231255E800652BA1 /* MasterDetailTests.swift in Sources */,
			);
			runOnlyForDeploymentPostprocessing = 0;
		};
		E7C48965231255E800652BA1 /* Sources */ = {
			isa = PBXSourcesBuildPhase;
			buildActionMask = 2147483647;
			files = (
				E7C4896E231255E800652BA1 /* MasterDetailUITests.swift in Sources */,
			);
			runOnlyForDeploymentPostprocessing = 0;
		};
/* End PBXSourcesBuildPhase section */

/* Begin PBXTargetDependency section */
		E7C48960231255E800652BA1 /* PBXTargetDependency */ = {
			isa = PBXTargetDependency;
			target = E7C48947231255E700652BA1 /* MasterDetail */;
			targetProxy = E7C4895F231255E800652BA1 /* PBXContainerItemProxy */;
		};
		E7C4896B231255E800652BA1 /* PBXTargetDependency */ = {
			isa = PBXTargetDependency;
			target = E7C48947231255E700652BA1 /* MasterDetail */;
			targetProxy = E7C4896A231255E800652BA1 /* PBXContainerItemProxy */;
		};
/* End PBXTargetDependency section */

/* Begin PBXVariantGroup section */
		E7C48951231255E700652BA1 /* Main.storyboard */ = {
			isa = PBXVariantGroup;
			children = (
				E7C48952231255E700652BA1 /* Base */,
			);
			name = Main.storyboard;
			sourceTree = "<group>";
		};
		E7C48956231255E800652BA1 /* LaunchScreen.storyboard */ = {
			isa = PBXVariantGroup;
			children = (
				E7C48957231255E800652BA1 /* Base */,
			);
			name = LaunchScreen.storyboard;
			sourceTree = "<group>";
		};
/* End PBXVariantGroup section */

/* Begin XCBuildConfiguration section */
		E7C48970231255E800652BA1 /* Debug */ = {
			isa = XCBuildConfiguration;
			buildSettings = {
				ALWAYS_SEARCH_USER_PATHS = NO;
				CLANG_ANALYZER_NONNULL = YES;
				CLANG_ANALYZER_NUMBER_OBJECT_CONVERSION = YES_AGGRESSIVE;
				CLANG_CXX_LANGUAGE_STANDARD = "gnu++14";
				CLANG_CXX_LIBRARY = "libc++";
				CLANG_ENABLE_MODULES = YES;
				CLANG_ENABLE_OBJC_ARC = YES;
				CLANG_ENABLE_OBJC_WEAK = YES;
				CLANG_WARN_BLOCK_CAPTURE_AUTORELEASING = YES;
				CLANG_WARN_BOOL_CONVERSION = YES;
				CLANG_WARN_COMMA = YES;
				CLANG_WARN_CONSTANT_CONVERSION = YES;
				CLANG_WARN_DEPRECATED_OBJC_IMPLEMENTATIONS = YES;
				CLANG_WARN_DIRECT_OBJC_ISA_USAGE = YES_ERROR;
				CLANG_WARN_DOCUMENTATION_COMMENTS = YES;
				CLANG_WARN_EMPTY_BODY = YES;
				CLANG_WARN_ENUM_CONVERSION = YES;
				CLANG_WARN_INFINITE_RECURSION = YES;
				CLANG_WARN_INT_CONVERSION = YES;
				CLANG_WARN_NON_LITERAL_NULL_CONVERSION = YES;
				CLANG_WARN_OBJC_IMPLICIT_RETAIN_SELF = YES;
				CLANG_WARN_OBJC_LITERAL_CONVERSION = YES;
				CLANG_WARN_OBJC_ROOT_CLASS = YES_ERROR;
				CLANG_WARN_RANGE_LOOP_ANALYSIS = YES;
				CLANG_WARN_STRICT_PROTOTYPES = YES;
				CLANG_WARN_SUSPICIOUS_MOVE = YES;
				CLANG_WARN_UNGUARDED_AVAILABILITY = YES_AGGRESSIVE;
				CLANG_WARN_UNREACHABLE_CODE = YES;
				CLANG_WARN__DUPLICATE_METHOD_MATCH = YES;
				CODE_SIGN_IDENTITY = "iPhone Developer";
				COPY_PHASE_STRIP = NO;
				DEBUG_INFORMATION_FORMAT = dwarf;
				ENABLE_STRICT_OBJC_MSGSEND = YES;
				ENABLE_TESTABILITY = YES;
				GCC_C_LANGUAGE_STANDARD = gnu11;
				GCC_DYNAMIC_NO_PIC = NO;
				GCC_NO_COMMON_BLOCKS = YES;
				GCC_OPTIMIZATION_LEVEL = 0;
				GCC_PREPROCESSOR_DEFINITIONS = (
					"DEBUG=1",
					"$(inherited)",
				);
				GCC_WARN_64_TO_32_BIT_CONVERSION = YES;
				GCC_WARN_ABOUT_RETURN_TYPE = YES_ERROR;
				GCC_WARN_UNDECLARED_SELECTOR = YES;
				GCC_WARN_UNINITIALIZED_AUTOS = YES_AGGRESSIVE;
				GCC_WARN_UNUSED_FUNCTION = YES;
				GCC_WARN_UNUSED_VARIABLE = YES;
				IPHONEOS_DEPLOYMENT_TARGET = 12.4;
				MTL_ENABLE_DEBUG_INFO = INCLUDE_SOURCE;
				MTL_FAST_MATH = YES;
				ONLY_ACTIVE_ARCH = YES;
				SDKROOT = iphoneos;
				SWIFT_ACTIVE_COMPILATION_CONDITIONS = DEBUG;
				SWIFT_OPTIMIZATION_LEVEL = "-Onone";
			};
			name = Debug;
		};
		E7C48971231255E800652BA1 /* Release */ = {
			isa = XCBuildConfiguration;
			buildSettings = {
				ALWAYS_SEARCH_USER_PATHS = NO;
				CLANG_ANALYZER_NONNULL = YES;
				CLANG_ANALYZER_NUMBER_OBJECT_CONVERSION = YES_AGGRESSIVE;
				CLANG_CXX_LANGUAGE_STANDARD = "gnu++14";
				CLANG_CXX_LIBRARY = "libc++";
				CLANG_ENABLE_MODULES = YES;
				CLANG_ENABLE_OBJC_ARC = YES;
				CLANG_ENABLE_OBJC_WEAK = YES;
				CLANG_WARN_BLOCK_CAPTURE_AUTORELEASING = YES;
				CLANG_WARN_BOOL_CONVERSION = YES;
				CLANG_WARN_COMMA = YES;
				CLANG_WARN_CONSTANT_CONVERSION = YES;
				CLANG_WARN_DEPRECATED_OBJC_IMPLEMENTATIONS = YES;
				CLANG_WARN_DIRECT_OBJC_ISA_USAGE = YES_ERROR;
				CLANG_WARN_DOCUMENTATION_COMMENTS = YES;
				CLANG_WARN_EMPTY_BODY = YES;
				CLANG_WARN_ENUM_CONVERSION = YES;
				CLANG_WARN_INFINITE_RECURSION = YES;
				CLANG_WARN_INT_CONVERSION = YES;
				CLANG_WARN_NON_LITERAL_NULL_CONVERSION = YES;
				CLANG_WARN_OBJC_IMPLICIT_RETAIN_SELF = YES;
				CLANG_WARN_OBJC_LITERAL_CONVERSION = YES;
				CLANG_WARN_OBJC_ROOT_CLASS = YES_ERROR;
				CLANG_WARN_RANGE_LOOP_ANALYSIS = YES;
				CLANG_WARN_STRICT_PROTOTYPES = YES;
				CLANG_WARN_SUSPICIOUS_MOVE = YES;
				CLANG_WARN_UNGUARDED_AVAILABILITY = YES_AGGRESSIVE;
				CLANG_WARN_UNREACHABLE_CODE = YES;
				CLANG_WARN__DUPLICATE_METHOD_MATCH = YES;
				CODE_SIGN_IDENTITY = "iPhone Developer";
				COPY_PHASE_STRIP = NO;
				DEBUG_INFORMATION_FORMAT = "dwarf-with-dsym";
				ENABLE_NS_ASSERTIONS = NO;
				ENABLE_STRICT_OBJC_MSGSEND = YES;
				GCC_C_LANGUAGE_STANDARD = gnu11;
				GCC_NO_COMMON_BLOCKS = YES;
				GCC_WARN_64_TO_32_BIT_CONVERSION = YES;
				GCC_WARN_ABOUT_RETURN_TYPE = YES_ERROR;
				GCC_WARN_UNDECLARED_SELECTOR = YES;
				GCC_WARN_UNINITIALIZED_AUTOS = YES_AGGRESSIVE;
				GCC_WARN_UNUSED_FUNCTION = YES;
				GCC_WARN_UNUSED_VARIABLE = YES;
				IPHONEOS_DEPLOYMENT_TARGET = 12.4;
				MTL_ENABLE_DEBUG_INFO = NO;
				MTL_FAST_MATH = YES;
				SDKROOT = iphoneos;
				SWIFT_COMPILATION_MODE = wholemodule;
				SWIFT_OPTIMIZATION_LEVEL = "-O";
				VALIDATE_PRODUCT = YES;
			};
			name = Release;
		};
		E7C48973231255E800652BA1 /* Debug */ = {
			isa = XCBuildConfiguration;
			buildSettings = {
				ASSETCATALOG_COMPILER_APPICON_NAME = AppIcon;
				CODE_SIGN_STYLE = Automatic;
				INFOPLIST_FILE = MasterDetail/Info.plist;
				LD_RUNPATH_SEARCH_PATHS = (
					"$(inherited)",
					"@executable_path/Frameworks",
				);
				PRODUCT_BUNDLE_IDENTIFIER = test.MasterDetail;
				PRODUCT_NAME = "$(TARGET_NAME)";
				SWIFT_VERSION = 5.0;
				TARGETED_DEVICE_FAMILY = "1,2";
			};
			name = Debug;
		};
		E7C48974231255E800652BA1 /* Release */ = {
			isa = XCBuildConfiguration;
			buildSettings = {
				ASSETCATALOG_COMPILER_APPICON_NAME = AppIcon;
				CODE_SIGN_STYLE = Automatic;
				INFOPLIST_FILE = MasterDetail/Info.plist;
				LD_RUNPATH_SEARCH_PATHS = (
					"$(inherited)",
					"@executable_path/Frameworks",
				);
				PRODUCT_BUNDLE_IDENTIFIER = test.MasterDetail;
				PRODUCT_NAME = "$(TARGET_NAME)";
				SWIFT_VERSION = 5.0;
				TARGETED_DEVICE_FAMILY = "1,2";
			};
			name = Release;
		};
		E7C48976231255E800652BA1 /* Debug */ = {
			isa = XCBuildConfiguration;
			buildSettings = {
				ALWAYS_EMBED_SWIFT_STANDARD_LIBRARIES = YES;
				BUNDLE_LOADER = "$(TEST_HOST)";
				CODE_SIGN_STYLE = Automatic;
				INFOPLIST_FILE = MasterDetailTests/Info.plist;
				LD_RUNPATH_SEARCH_PATHS = (
					"$(inherited)",
					"@executable_path/Frameworks",
					"@loader_path/Frameworks",
				);
				PRODUCT_BUNDLE_IDENTIFIER = test.MasterDetailTests;
				PRODUCT_NAME = "$(TARGET_NAME)";
				SWIFT_VERSION = 5.0;
				TARGETED_DEVICE_FAMILY = "1,2";
				TEST_HOST = "$(BUILT_PRODUCTS_DIR)/MasterDetail.app/MasterDetail";
			};
			name = Debug;
		};
		E7C48977231255E800652BA1 /* Release */ = {
			isa = XCBuildConfiguration;
			buildSettings = {
				ALWAYS_EMBED_SWIFT_STANDARD_LIBRARIES = YES;
				BUNDLE_LOADER = "$(TEST_HOST)";
				CODE_SIGN_STYLE = Automatic;
				INFOPLIST_FILE = MasterDetailTests/Info.plist;
				LD_RUNPATH_SEARCH_PATHS = (
					"$(inherited)",
					"@executable_path/Frameworks",
					"@loader_path/Frameworks",
				);
				PRODUCT_BUNDLE_IDENTIFIER = test.MasterDetailTests;
				PRODUCT_NAME = "$(TARGET_NAME)";
				SWIFT_VERSION = 5.0;
				TARGETED_DEVICE_FAMILY = "1,2";
				TEST_HOST = "$(BUILT_PRODUCTS_DIR)/MasterDetail.app/MasterDetail";
			};
			name = Release;
		};
		E7C48979231255E800652BA1 /* Debug */ = {
			isa = XCBuildConfiguration;
			buildSettings = {
				ALWAYS_EMBED_SWIFT_STANDARD_LIBRARIES = YES;
				CODE_SIGN_STYLE = Automatic;
				INFOPLIST_FILE = MasterDetailUITests/Info.plist;
				LD_RUNPATH_SEARCH_PATHS = (
					"$(inherited)",
					"@executable_path/Frameworks",
					"@loader_path/Frameworks",
				);
				PRODUCT_BUNDLE_IDENTIFIER = test.MasterDetailUITests;
				PRODUCT_NAME = "$(TARGET_NAME)";
				SWIFT_VERSION = 5.0;
				TARGETED_DEVICE_FAMILY = "1,2";
				TEST_TARGET_NAME = MasterDetail;
			};
			name = Debug;
		};
		E7C4897A231255E800652BA1 /* Release */ = {
			isa = XCBuildConfiguration;
			buildSettings = {
				ALWAYS_EMBED_SWIFT_STANDARD_LIBRARIES = YES;
				CODE_SIGN_STYLE = Automatic;
				INFOPLIST_FILE = MasterDetailUITests/Info.plist;
				LD_RUNPATH_SEARCH_PATHS = (
					"$(inherited)",
					"@executable_path/Frameworks",
					"@loader_path/Frameworks",
				);
				PRODUCT_BUNDLE_IDENTIFIER = test.MasterDetailUITests;
				PRODUCT_NAME = "$(TARGET_NAME)";
				SWIFT_VERSION = 5.0;
				TARGETED_DEVICE_FAMILY = "1,2";
				TEST_TARGET_NAME = MasterDetail;
			};
			name = Release;
		};
/* End XCBuildConfiguration section */

/* Begin XCConfigurationList section */
		E7C48943231255E700652BA1 /* Build configuration list for PBXProject "MasterDetail" */ = {
			isa = XCConfigurationList;
			buildConfigurations = (
				E7C48970231255E800652BA1 /* Debug */,
				E7C48971231255E800652BA1 /* Release */,
			);
			defaultConfigurationIsVisible = 0;
			defaultConfigurationName = Release;
		};
		E7C48972231255E800652BA1 /* Build configuration list for PBXNativeTarget "MasterDetail" */ = {
			isa = XCConfigurationList;
			buildConfigurations = (
				E7C48973231255E800652BA1 /* Debug */,
				E7C48974231255E800652BA1 /* Release */,
			);
			defaultConfigurationIsVisible = 0;
			defaultConfigurationName = Release;
		};
		E7C48975231255E800652BA1 /* Build configuration list for PBXNativeTarget "MasterDetailTests" */ = {
			isa = XCConfigurationList;
			buildConfigurations = (
				E7C48976231255E800652BA1 /* Debug */,
				E7C48977231255E800652BA1 /* Release */,
			);
			defaultConfigurationIsVisible = 0;
			defaultConfigurationName = Release;
		};
		E7C48978231255E800652BA1 /* Build configuration list for PBXNativeTarget "MasterDetailUITests" */ = {
			isa = XCConfigurationList;
			buildConfigurations = (
				E7C48979231255E800652BA1 /* Debug */,
				E7C4897A231255E800652BA1 /* Release */,
			);
			defaultConfigurationIsVisible = 0;
			defaultConfigurationName = Release;
		};
/* End XCConfigurationList section */
	};
	rootObject = E7C48940231255E700652BA1 /* Project object */;
}
